
Microsoft Visual Studio Solution File, Format Version 12.00
# Visual Studio Version 16
VisualStudioVersion = 16.0.29920.165
MinimumVisualStudioVersion = 10.0.40219.1
Project("{8BC9CEB8-8B4A-11D0-8D11-00A0C91BC942}") = "TrabalhoComputacaoGrafica", "TrabalhoComputacaoGrafica.vcxproj", "{CEF0B915-FB34-4412-AD12-55208A0B6DB6}"
EndProject
Global
	GlobalSection(SolutionConfigurationPlatforms) = preSolution
		Debug|x64 = Debug|x64
		Debug|x86 = Debug|x86
		Release|x64 = Release|x64
		Release|x86 = Release|x86
	EndGlobalSection
	GlobalSection(ProjectConfigurationPlatforms) = postSolution
		{CEF0B915-FB34-4412-AD12-55208A0B6DB6}.Debug|x64.ActiveCfg = Debug|x64
		{CEF0B915-FB34-4412-AD12-55208A0B6DB6}.Debug|x64.Build.0 = Debug|x64
		{CEF0B915-FB34-4412-AD12-55208A0B6DB6}.Debug|x86.ActiveCfg = Debug|Win32
		{CEF0B915-FB34-4412-AD12-55208A0B6DB6}.Debug|x86.Build.0 = Debug|Win32
		{CEF0B915-FB34-4412-AD12-55208A0B6DB6}.Release|x64.ActiveCfg = Release|x64
		{CEF0B915-FB34-4412-AD12-55208A0B6DB6}.Release|x64.Build.0 = Release|x64
		{CEF0B915-FB34-4412-AD12-55208A0B6DB6}.Release|x86.ActiveCfg = Release|Win32
		{CEF0B915-FB34-4412-AD12-55208A0B6DB6}.Release|x86.Build.0 = Release|Win32
	EndGlobalSection
	GlobalSection(SolutionProperties) = preSolution
		HideSolutionNode = FALSE
	EndGlobalSection
	GlobalSection(ExtensibilityGlobals) = postSolution
		SolutionGuid = {E54EE90D-2609-4624-9278-6254C86DABCD}
	EndGlobalSection
EndGlobal
